version = 1
revision = 3
requires-python = "==3.11.*"

[[package]]
name = "black"
version = "24.1.1"
source = { registry = "https://pypi.org/simple" }
dependencies = [
    { name = "click" },
    { name = "mypy-extensions" },
    { name = "packaging" },
    { name = "pathspec" },
    { name = "platformdirs" },
]
sdist = { url = "https://files.pythonhosted.org/packages/77/ec/a429d15d2e7f996203bff98e2b2e84ad4cb3de318de147b0038dc93fbc71/black-24.1.1.tar.gz", hash = "sha256:48b5760dcbfe5cf97fd4fba23946681f3a81514c6ab8a45b50da67ac8fbc6c7b", size = 623755, upload-time = "2024-01-28T05:28:48.365Z" }
wheels = [
    { url = "https://files.pythonhosted.org/packages/ef/cc/b205025212eaa90a73985873d5b88210d7c337c02afc4d9fa6ce438a080f/black-24.1.1-cp311-cp311-macosx_10_9_x86_64.whl", hash = "sha256:fc1ec9aa6f4d98d022101e015261c056ddebe3da6a8ccfc2c792cbe0349d48b7", size = 1538440, upload-time = "2024-01-28T05:42:42.506Z" },
    { url = "https://files.pythonhosted.org/packages/c0/92/cc543b133cd1337cbfce3e7d2c9d45b5e913224ed1fc791875d062d7be46/black-24.1.1-cp311-cp311-macosx_11_0_arm64.whl", hash = "sha256:0269dfdea12442022e88043d2910429bed717b2d04523867a85dacce535916b8", size = 1386681, upload-time = "2024-01-28T05:41:01.203Z" },
    { url = "https://files.pythonhosted.org/packages/e8/e3/8519496759b4f15d73323b00f70bde3eb097efd177382a4bed3899162a9e/black-24.1.1-cp311-cp311-manylinux_2_17_x86_64.manylinux2014_x86_64.whl", hash = "sha256:b3d64db762eae4a5ce04b6e3dd745dcca0fb9560eb931a5be97472e38652a161", size = 1690441, upload-time = "2024-01-28T05:31:07.511Z" },
    { url = "https://files.pythonhosted.org/packages/1d/25/85c545f605f005a1724ccc654f4981461ea0234835ba7689f6c5a97d3e5d/black-24.1.1-cp311-cp311-win_amd64.whl", hash = "sha256:5d7b06ea8816cbd4becfe5f70accae953c53c0e53aa98730ceccb0395520ee5d", size = 1340846, upload-time = "2024-01-28T05:32:05.545Z" },
    { url = "https://files.pythonhosted.org/packages/95/f3/c3d59ae490c627950efc97a27c3f73776577e2ec32d35737e72aee3d6738/black-24.1.1-py3-none-any.whl", hash = "sha256:5cdc2e2195212208fbcae579b931407c1fa9997584f0a415421748aeafff1168", size = 195702, upload-time = "2024-01-28T05:28:45.636Z" },
]

[[package]]
name = "certifi"
version = "2026.2.25"
source = { registry = "https://pypi.org/simple" }
sdist = { url = "https://files.pythonhosted.org/packages/af/2d/7bf41579a8986e348fa033a31cdd0e4121114f6bce2457e8876010b092dd/certifi-2026.2.25.tar.gz", hash = "sha256:e887ab5cee78ea814d3472169153c2d12cd43b14bd03329a39a9c6e2e80bfba7", size = 155029, upload-time = "2026-02-25T02:54:17.342Z" }
wheels = [
    { url = "https://files.pythonhosted.org/packages/9a/3c/c17fb3ca2d9c3acff52e30b309f538586f9f5b9c9cf454f3845fc9af4881/certifi-2026.2.25-py3-none-any.whl", hash = "sha256:027692e4402ad994f1c42e52a4997a9763c646b73e4096e4d5d6db8af1d6f0fa", size = 153684, upload-time = "2026-02-25T02:54:15.766Z" },
]

[[package]]
name = "click"
version = "8.3.1"
source = { registry = "https://pypi.org/simple" }
dependencies = [
    { name = "colorama", marker = "sys_platform == 'win32'" },
]
sdist = { url = "https://files.pythonhosted.org/packages/3d/fa/656b739db8587d7b5dfa22e22ed02566950fbfbcdc20311993483657a5c0/click-8.3.1.tar.gz", hash = "sha256:12ff4785d337a1bb490bb7e9c2b1ee5da3112e94a8622f26a6c77f5d2fc6842a", size = 295065, upload-time = "2025-11-15T20:45:42.706Z" }
wheels = [
    { url = "https://files.pythonhosted.org/packages/98/78/01c019cdb5d6498122777c1a43056ebb3ebfeef2076d9d026bfe15583b2b/click-8.3.1-py3-none-any.whl", hash = "sha256:981153a64e25f12d547d3426c367a4857371575ee7ad18df2a6183ab0545b2a6", size = 108274, upload-time = "2025-11-15T20:45:41.139Z" },
]

[[package]]
name = "colorama"
version = "0.4.6"
source = { registry = "https://pypi.org/simple" }
sdist = { url = "https://files.pythonhosted.org/packages/d8/53/6f443c9a4a8358a93a6792e2acffb9d9d5cb0a5cfd8802644b7b1c9a02e4/colorama-0.4.6.tar.gz", hash = "sha256:08695f5cb7ed6e0531a20572697297273c47b8cae5a63ffc6d6ed5c201be6e44", size = 27697, upload-time = "2022-10-25T02:36:22.414Z" }
wheels = [
    { url = "https://files.pythonhosted.org/packages/d1/d6/3965ed04c63042e047cb6a3e6ed1a63a35087b6a609aa3a15ed8ac56c221/colorama-0.4.6-py2.py3-none-any.whl", hash = "sha256:4f1d9991f5acc0ca119f9d443620b77f9d6b33703e51011c16baf57afb285fc6", size = 25335, upload-time = "2022-10-25T02:36:20.889Z" },
]

[[package]]
name = "imagequant"
version = "0.0.1"
source = { git = "https://github.com/wladich/pyimagequant.git#55a76cb90c75b598d40bd92cf61e6ec9aa846d1e" }

[[package]]
name = "maprec"
version = "2.0.0"
source = { git = "https://github.com/wladich/maprec.git#ccefe661659a30c1bd334710e5884256b945a042" }
dependencies = [
    { name = "pyproj" },
    { name = "pyyaml" },
    { name = "tps" },
]

[[package]]
name = "mypy-extensions"
version = "1.1.0"
source = { registry = "https://pypi.org/simple" }
sdist = { url = "https://files.pythonhosted.org/packages/a2/6e/371856a3fb9d31ca8dac321cda606860fa4548858c0cc45d9d1d4ca2628b/mypy_extensions-1.1.0.tar.gz", hash = "sha256:52e68efc3284861e772bbcd66823fde5ae21fd2fdb51c62a211403730b916558", size = 6343, upload-time = "2025-04-22T14:54:24.164Z" }
wheels = [
    { url = "https://files.pythonhosted.org/packages/79/7b/2c79738432f5c924bef5071f933bcc9efd0473bac3b4aa584a6f7c1c8df8/mypy_extensions-1.1.0-py3-none-any.whl", hash = "sha256:1be4cccdb0f2482337c4743e60421de3a356cd97508abadd57d47403e94f5505", size = 4963, upload-time = "2025-04-22T14:54:22.983Z" },
]

[[package]]
name = "ozi-map"
version = "1.1.0"
source = { git = "https://github.com/wladich/ozi_map.git#e45c55ca9dd3a7082fe60048a304e5d48d5c2cad" }
dependencies = [
    { name = "maprec" },
    { name = "pyproj" },
]

[[package]]
name = "packaging"
version = "26.0"
source = { registry = "https://pypi.org/simple" }
sdist = { url = "https://files.pythonhosted.org/packages/65/ee/299d360cdc32edc7d2cf530f3accf79c4fca01e96ffc950d8a52213bd8e4/packaging-26.0.tar.gz", hash = "sha256:00243ae351a257117b6a241061796684b084ed1c516a08c48a3f7e147a9d80b4", size = 143416, upload-time = "2026-01-21T20:50:39.064Z" }
wheels = [
    { url = "https://files.pythonhosted.org/packages/b7/b9/c538f279a4e237a006a2c98387d081e9eb060d203d8ed34467cc0f0b9b53/packaging-26.0-py3-none-any.whl", hash = "sha256:b36f1fef9334a5588b4166f8bcd26a14e521f2b55e6b9de3aaa80d3ff7a37529", size = 74366, upload-time = "2026-01-21T20:50:37.788Z" },
]

[[package]]
name = "pathspec"
version = "1.0.4"
source = { registry = "https://pypi.org/simple" }
sdist = { url = "https://files.pythonhosted.org/packages/fa/36/e27608899f9b8d4dff0617b2d9ab17ca5608956ca44461ac14ac48b44015/pathspec-1.0.4.tar.gz", hash = "sha256:0210e2ae8a21a9137c0d470578cb0e595af87edaa6ebf12ff176f14a02e0e645", size = 131200, upload-time = "2026-01-27T03:59:46.938Z" }
wheels = [
    { url = "https://files.pythonhosted.org/packages/ef/3c/2c197d226f9ea224a9ab8d197933f9da0ae0aac5b6e0f884e2b8d9c8e9f7/pathspec-1.0.4-py3-none-any.whl", hash = "sha256:fb6ae2fd4e7c921a165808a552060e722767cfa526f99ca5156ed2ce45a5c723", size = 55206, upload-time = "2026-01-27T03:59:45.137Z" },
]

[[package]]
name = "pillow"
version = "10.2.0"
source = { registry = "https://pypi.org/simple" }
sdist = { url = "https://files.pythonhosted.org/packages/f8/3e/32cbd0129a28686621434cbf17bb64bf1458bfb838f1f668262fefce145c/pillow-10.2.0.tar.gz", hash = "sha256:e87f0b2c78157e12d7686b27d63c070fd65d994e8ddae6f328e0dcf4a0cd007e", size = 46212712, upload-time = "2024-01-02T09:16:59.702Z" }
wheels = [
    { url = "https://files.pythonhosted.org/packages/89/1d/23bafc80495b2a902b27d242e9226ea0b74624f108c60f0533329c051f78/pillow-10.2.0-cp311-cp311-macosx_10_10_x86_64.whl", hash = "sha256:35bb52c37f256f662abdfa49d2dfa6ce5d93281d323a9af377a120e89a9eafb5", size = 3518211, upload-time = "2024-01-02T09:15:21.874Z" },
    { url = "https://files.pythonhosted.org/packages/46/ce/a84284ab66a278825109b03765d7411be3ff18250da44faa9fb5ea9a16a0/pillow-10.2.0-cp311-cp311-macosx_11_0_arm64.whl", hash = "sha256:9c23f307202661071d94b5e384e1e1dc7dfb972a28a2310e4ee16103e66ddb67", size = 3318744, upload-time = "2024-01-02T09:15:24.732Z" },
    { url = "https://files.pythonhosted.org/packages/2c/36/57c68f5d03b471c4bd7302821b4fcb6f126ba91f78b590ffce00a8c2ac42/pillow-10.2.0-cp311-cp311-manylinux_2_17_aarch64.manylinux2014_aarch64.whl", hash = "sha256:773efe0603db30c281521a7c0214cad7836c03b8ccff897beae9b47c0b657d61", size = 4304573, upload-time = "2024-01-02T09:32:51.962Z" },
    { url = "https://files.pythonhosted.org/packages/a5/23/3c59ba2bb48f2ab2f11c3597f50458f63ed46dcc4cedd3308f6e4ec7271f/pillow-10.2.0-cp311-cp311-manylinux_2_17_x86_64.manylinux2014_x86_64.whl", hash = "sha256:11fa2e5984b949b0dd6d7a94d967743d87c577ff0b83392f17cb3990d0d2fd6e", size = 4414949, upload-time = "2024-01-02T09:15:27.503Z" },
    { url = "https://files.pythonhosted.org/packages/18/6c/04ef8c00c258df1f0f4ef940d76bc278d15693fbb3268da00b9f4b145ad6/pillow-10.2.0-cp311-cp311-manylinux_2_28_aarch64.whl", hash = "sha256:716d30ed977be8b37d3ef185fecb9e5a1d62d110dfbdcd1e2a122ab46fddb03f", size = 4328040, upload-time = "2024-01-02T09:32:56.979Z" },
    { url = "https://files.pythonhosted.org/packages/66/9c/2e1877630eb298bbfd23f90deeec0a3f682a4163d5ca9f178937de57346c/pillow-10.2.0-cp311-cp311-manylinux_2_28_x86_64.whl", hash = "sha256:a086c2af425c5f62a65e12fbf385f7c9fcb8f107d0849dba5839461a129cf311", size = 4494803, upload-time = "2024-01-02T09:15:30.346Z" },
    { url = "https://files.pythonhosted.org/packages/09/1f/b01ddb19acb325f1ee569cae9b914ce30f589f43d089e572ec6fd632f560/pillow-10.2.0-cp311-cp311-musllinux_1_1_aarch64.whl", hash = "sha256:c8de2789052ed501dd829e9cae8d3dcce7acb4777ea4a479c14521c942d395b1", size = 4520153, upload-time = "2024-01-02T09:33:01.573Z" },
    { url = "https://files.pythonhosted.org/packages/ae/94/340ca3ee7b632c2019498e0f1d399530152f8c4e39f8374ace2fec147322/pillow-10.2.0-cp311-cp311-musllinux_1_1_x86_64.whl", hash = "sha256:609448742444d9290fd687940ac0b57fb35e6fd92bdb65386e08e99af60bf757", size = 4585627, upload-time = "2024-01-02T09:15:33.069Z" },
    { url = "https://files.pythonhosted.org/packages/73/89/bef0d3a0e0c2cc054e055a38ca1ac210749b9537cb13b10f6fe0343eed79/pillow-10.2.0-cp311-cp311-win32.whl", hash = "sha256:823ef7a27cf86df6597fa0671066c1b596f69eba53efa3d1e1cb8b30f3533068", size = 2289835, upload-time = "2024-01-02T09:15:35.027Z" },
    { url = "https://files.pythonhosted.org/packages/43/56/f92715a873187b5eff72a4a0d2ac6258e18e9bfb0e136aafde65c49a841a/pillow-10.2.0-cp311-cp311-win_amd64.whl", hash = "sha256:1da3b2703afd040cf65ec97efea81cfba59cdbed9c11d8efc5ab09df9509fc56", size = 2621395, upload-time = "2024-01-02T09:15:37.42Z" },
    { url = "https://files.pythonhosted.org/packages/b1/71/eea5f690e5f8d77cdde455d7e42bae0a2d918bec886f0e7fefb6836c51f4/pillow-10.2.0-cp311-cp311-win_arm64.whl", hash = "sha256:edca80cbfb2b68d7b56930b84a0e45ae1694aeba0541f798e908a49d66b837f1", size = 2229075, upload-time = "2024-01-02T09:15:39.285Z" },
]

[[package]]
name = "platformdirs"
version = "4.9.4"
source = { registry = "https://pypi.org/simple" }
sdist = { url = "https://files.pythonhosted.org/packages/19/56/8d4c30c8a1d07013911a8fdbd8f89440ef9f08d07a1b50ab8ca8be5a20f9/platformdirs-4.9.4.tar.gz", hash = "sha256:1ec356301b7dc906d83f371c8f487070e99d3ccf9e501686456394622a01a934", size = 28737, upload-time = "2026-03-05T18:34:13.271Z" }
wheels = [
    { url = "https://files.pythonhosted.org/packages/63/d7/97f7e3a6abb67d8080dd406fd4df842c2be0efaf712d1c899c32a075027c/platformdirs-4.9.4-py3-none-any.whl", hash = "sha256:68a9a4619a666ea6439f2ff250c12a853cd1cbd5158d258bd824a7df6be2f868", size = 21216, upload-time = "2026-03-05T18:34:12.172Z" },
]

[[package]]
name = "pycairo"
version = "1.25.1"
source = { registry = "https://pypi.org/simple" }
sdist = { url = "https://files.pythonhosted.org/packages/c7/7c/de4d40316ee563e4f15a0f05f28c8458833fbef80c4588b9dd51f39b78ee/pycairo-1.25.1.tar.gz", hash = "sha256:7e2be4fbc3b4536f16db7a11982cbf713e75069a4d73d44fe5a49b68423f5c0c", size = 347088, upload-time = "2023-10-21T15:50:59.365Z" }
wheels = [
    { url = "https://files.pythonhosted.org/packages/1c/b8/9b03f9ea00aa6cf84cde50aea1a392ede04c08b9139858be5b54589a8fea/pycairo-1.25.1-cp311-cp311-win32.whl", hash = "sha256:b10e58a3ce41e487aae15050b630742e880d4135cee7a69cee2c0ea2a0b4bd0a", size = 781064, upload-time = "2023-10-21T15:50:31.431Z" },
    { url = "https://files.pythonhosted.org/packages/fe/d2/f1712b8b36a7e9ba06a4ee00f538e45b9845165d0cb786242d3c76bafc93/pycairo-1.25.1-cp311-cp311-win_amd64.whl", hash = "sha256:fcf5511b05a652a0ef87f626bf26bfc1b796a67f0d1bd40781c62986fb41c356", size = 877217, upload-time = "2023-10-21T15:50:34.512Z" },
    { url = "https://files.pythonhosted.org/packages/85/eb/9b0438b7143578a6e1188ad0407227e029f30b137764ca58b58b6ec1df2b/pycairo-1.25.1-cp311-cp311-win_arm64.whl", hash = "sha256:4133ba3ef6d875aa1b16643dc0801846f463b8e78750f5308c41902dfeac5b9a", size = 693406, upload-time = "2023-10-21T15:50:37.681Z" },
]

[[package]]
name = "pygobject"
version = "3.46.0"
source = { registry = "https://pypi.org/simple" }
dependencies = [
    { name = "pycairo" },
]
sdist = { url = "https://files.pythonhosted.org/packages/ac/4a/f24ddf1d20cc4b56affc7921e29928559a06c922eb60077448392792b914/PyGObject-3.46.0.tar.gz", hash = "sha256:481437b05af0a66b7c366ea052710eb3aacbb979d22d30b797f7ec29347ab1e6", size = 723367, upload-time = "2023-09-10T09:56:26.737Z" }

[[package]]
name = "pypng"
version = "0.20220715.0"
source = { registry = "https://pypi.org/simple" }
sdist = { url = "https://files.pythonhosted.org/packages/93/cd/112f092ec27cca83e0516de0a3368dbd9128c187fb6b52aaaa7cde39c96d/pypng-0.20220715.0.tar.gz", hash = "sha256:739c433ba96f078315de54c0db975aee537cbc3e1d0ae4ed9aab0ca1e427e2c1", size = 128992, upload-time = "2022-07-15T14:11:05.301Z" }
wheels = [
    { url = "https://files.pythonhosted.org/packages/3e/b9/3766cc361d93edb2ce81e2e1f87dd98f314d7d513877a342d31b30741680/pypng-0.20220715.0-py3-none-any.whl", hash = "sha256:4a43e969b8f5aaafb2a415536c1a8ec7e341cd6a3f957fd5b5f32a4cfeed902c", size = 58057, upload-time = "2022-07-15T14:11:03.713Z" },
]

[[package]]
name = "pyproj"
version = "3.4.1"
source = { registry = "https://pypi.org/simple" }
dependencies = [
    { name = "certifi" },
]
sdist = { url = "https://files.pythonhosted.org/packages/c0/fc/fd53e45d2ad5862d32ab8614e70c3c1f52a8e0d8bd243ee6a23b6a481b4a/pyproj-3.4.1.tar.gz", hash = "sha256:261eb29b1d55b1eb7f336127344d9b31284d950a9446d1e0d1c2411f7dd8e3ac", size = 217916, upload-time = "2022-12-13T04:41:11.261Z" }
wheels = [
    { url = "https://files.pythonhosted.org/packages/1d/a6/91f2ff404dd9bced9d444d841468ffaaf5b975c047adc5327bfdc364273f/pyproj-3.4.1-cp311-cp311-macosx_10_9_x86_64.whl", hash = "sha256:cd9f9c409f465834988ce0aa8c1ed496081c6957f2e5ef40ed28de04397d3c0b", size = 8388158, upload-time = "2022-12-13T04:40:21.109Z" },
    { url = "https://files.pythonhosted.org/packages/e9/b1/d226eb080c61449f9ce95b78a1fe16b40eacf45f67be12fd6cda2a879080/pyproj-3.4.1-cp311-cp311-macosx_11_0_arm64.whl", hash = "sha256:0406f64ff59eb3342efb102c9f31536430aa5cde5ef0bfabd5aaccb73dd8cd5a", size = 5652805, upload-time = "2022-12-13T02:05:02.996Z" },
    { url = "https://files.pythonhosted.org/packages/3e/25/d8edb2a29cd5845186e1cdac8431b4fad2f4a14f2a5f16ca63543c96cd20/pyproj-3.4.1-cp311-cp311-manylinux_2_17_aarch64.manylinux2014_aarch64.whl", hash = "sha256:a98fe3e53be428e67ae6a9ee9affff92346622e0e3ea0cbc15dce939b318d395", size = 5871935, upload-time = "2022-12-13T02:05:16.69Z" },
    { url = "https://files.pythonhosted.org/packages/9f/66/9531971a69791d3f6cae0efeeebcbea09eb8b2fb1d482c5d9b6fa583c860/pyproj-3.4.1-cp311-cp311-manylinux_2_17_i686.manylinux2014_i686.whl", hash = "sha256:0189fdd7aa789542a7a623010dfff066c5849b24397f81f860ec3ee085cbf55c", size = 7837894, upload-time = "2022-12-13T04:40:23.639Z" },
    { url = "https://files.pythonhosted.org/packages/bd/4d/bd984246320a5a067200e99adb2c3f0455afc2a469a5165c4c1424822819/pyproj-3.4.1-cp311-cp311-manylinux_2_17_x86_64.manylinux2014_x86_64.whl", hash = "sha256:5f3f75b030cf811f040c90a8758a20115e8746063e4cad0d0e941a4954d1219b", size = 7814098, upload-time = "2022-12-13T04:40:25.858Z" },
    { url = "https://files.pythonhosted.org/packages/e1/b8/bee285d32bcb548365577ae3fcd10e81e0aafe19d3abfd21da72f69259d7/pyproj-3.4.1-cp311-cp311-win32.whl", hash = "sha256:ef8c30c62fe4e386e523e14e1e83bd460f745bd2c8dfd0d0c327f9460c4d3c0c", size = 4426152, upload-time = "2022-12-13T04:40:28.141Z" },
    { url = "https://files.pythonhosted.org/packages/b4/71/0fa72110c38e49f6856d2793764b8aab0f1c200ea9afe540cdbf9be49702/pyproj-3.4.1-cp311-cp311-win_amd64.whl", hash = "sha256:2d1e7f42da205e0534831ae9aa9cee0353ab8c1aab2c369474adbb060294d98a", size = 4833193, upload-time = "2022-12-13T04:40:30.297Z" },
]

[[package]]
name = "pyyaml"
version = "6.0.1"
source = { registry = "https://pypi.org/simple" }
sdist = { url = "https://files.pythonhosted.org/packages/cd/e5/af35f7ea75cf72f2cd079c95ee16797de7cd71f29ea7c68ae5ce7be1eda0/PyYAML-6.0.1.tar.gz", hash = "sha256:bfdf460b1736c775f2ba9f6a92bca30bc2095067b8a9d77876d1fad6cc3b4a43", size = 125201, upload-time = "2023-07-18T00:00:23.308Z" }
wheels = [
    { url = "https://files.pythonhosted.org/packages/ec/0d/26fb23e8863e0aeaac0c64e03fd27367ad2ae3f3cccf3798ee98ce160368/PyYAML-6.0.1-cp311-cp311-macosx_10_9_x86_64.whl", hash = "sha256:6965a7bc3cf88e5a1c3bd2e0b5c22f8d677dc88a455344035f03399034eb3007", size = 187867, upload-time = "2023-07-17T23:57:34.35Z" },
    { url = "https://files.pythonhosted.org/packages/28/09/55f715ddbf95a054b764b547f617e22f1d5e45d83905660e9a088078fe67/PyYAML-6.0.1-cp311-cp311-macosx_11_0_arm64.whl", hash = "sha256:f003ed9ad21d6a4713f0a9b5a7a0a79e08dd0f221aff4525a2be4c346ee60aab", size = 167530, upload-time = "2023-07-17T23:57:36.975Z" },
    { url = "https://files.pythonhosted.org/packages/5e/94/7d5ee059dfb92ca9e62f4057dcdec9ac08a9e42679644854dc01177f8145/PyYAML-6.0.1-cp311-cp311-manylinux_2_17_aarch64.manylinux2014_aarch64.whl", hash = "sha256:42f8152b8dbc4fe7d96729ec2b99c7097d656dc1213a3229ca5383f973a5ed6d", size = 732244, upload-time = "2023-07-17T23:57:43.774Z" },
    { url = "https://files.pythonhosted.org/packages/06/92/e0224aa6ebf9dc54a06a4609da37da40bb08d126f5535d81bff6b417b2ae/PyYAML-6.0.1-cp311-cp311-manylinux_2_17_s390x.manylinux2014_s390x.whl", hash = "sha256:062582fca9fabdd2c8b54a3ef1c978d786e0f6b3a1510e0ac93ef59e0ddae2bc", size = 752871, upload-time = "2023-07-17T23:57:51.921Z" },
    { url = "https://files.pythonhosted.org/packages/7b/5e/efd033ab7199a0b2044dab3b9f7a4f6670e6a52c089de572e928d2873b06/PyYAML-6.0.1-cp311-cp311-manylinux_2_17_x86_64.manylinux2014_x86_64.whl", hash = "sha256:d2b04aac4d386b172d5b9692e2d2da8de7bfb6c387fa4f801fbf6fb2e6ba4673", size = 757729, upload-time = "2023-07-17T23:57:59.865Z" },
    { url = "https://files.pythonhosted.org/packages/03/5c/c4671451b2f1d76ebe352c0945d4cd13500adb5d05f5a51ee296d80152f7/PyYAML-6.0.1-cp311-cp311-musllinux_1_1_x86_64.whl", hash = "sha256:e7d73685e87afe9f3b36c799222440d6cf362062f78be1013661b00c5c6f678b", size = 748528, upload-time = "2023-08-28T18:43:23.207Z" },
    { url = "https://files.pythonhosted.org/packages/73/9c/766e78d1efc0d1fca637a6b62cea1b4510a7fb93617eb805223294fef681/PyYAML-6.0.1-cp311-cp311-win32.whl", hash = "sha256:1635fd110e8d85d55237ab316b5b011de701ea0f29d07611174a1b42f1444741", size = 130286, upload-time = "2023-07-17T23:58:02.964Z" },
    { url = "https://files.pythonhosted.org/packages/b3/34/65bb4b2d7908044963ebf614fe0fdb080773fc7030d7e39c8d3eddcd4257/PyYAML-6.0.1-cp311-cp311-win_amd64.whl", hash = "sha256:bf07ee2fef7014951eeb99f56f39c9bb4af143d8aa3c21b1677805985307da34", size = 144699, upload-time = "2023-07-17T23:58:05.586Z" },
]

[[package]]
name = "tiler"
version = "0.0.2"
source = { editable = "." }
dependencies = [
    { name = "imagequant" },
    { name = "maprec" },
    { name = "ozi-map" },
    { name = "pillow" },
    { name = "pycairo" },
    { name = "pygobject" },
    { name = "pypng" },
    { name = "pyproj" },
    { name = "pyyaml" },
    { name = "tps" },
]

[package.dev-dependencies]
dev = [
    { name = "black" },
]

[package.metadata]
requires-dist = [
    { name = "imagequant", git = "https://github.com/wladich/pyimagequant.git" },
    { name = "maprec", git = "https://github.com/wladich/maprec.git" },
    { name = "ozi-map", git = "https://github.com/wladich/ozi_map.git" },
    { name = "pillow", specifier = "==10.2.0" },
    { name = "pycairo", specifier = "==1.25.1" },
    { name = "pygobject", specifier = "==3.46.0" },
    { name = "pypng", specifier = "==0.20220715.0" },
    { name = "pyproj", specifier = "==3.4.1" },
    { name = "pyyaml", specifier = "==6.0.1" },
    { name = "tps", git = "https://github.com/wladich/thinplatespline.git" },
]

[package.metadata.requires-dev]
dev = [{ name = "black", specifier = "==24.1.1" }]

[[package]]
name = "tps"
version = "0.3"
source = { git = "https://github.com/wladich/thinplatespline.git#81f40c74663d9510ceedf57a04a711ec7fc8b7fa" }
